
Microsoft Visual Studio Solution File, Format Version 12.00
# Visual Studio Version 17
VisualStudioVersion = 17.13.35919.96 d17.13
MinimumVisualStudioVersion = 10.0.40219.1
Project("{FAE04EC0-301F-11D3-BF4B-00C04F79EFBC}") = "MVP_TaskManager", "MVP_TaskManager\MVP_TaskManager.csproj", "{B12F936D-7AAB-4B00-8A8E-D32D3BFF6FC8}"
EndProject
Global
	GlobalSection(SolutionConfigurationPlatforms) = preSolution
		Debug|Any CPU = Debug|Any CPU
		Release|Any CPU = Release|Any CPU
	EndGlobalSection
	GlobalSection(ProjectConfigurationPlatforms) = postSolution
		{B12F936D-7AAB-4B00-8A8E-D32D3BFF6FC8}.Debug|Any CPU.ActiveCfg = Debug|Any CPU
		{B12F936D-7AAB-4B00-8A8E-D32D3BFF6FC8}.Debug|Any CPU.Build.0 = Debug|Any CPU
		{B12F936D-7AAB-4B00-8A8E-D32D3BFF6FC8}.Release|Any CPU.ActiveCfg = Release|Any CPU
		{B12F936D-7AAB-4B00-8A8E-D32D3BFF6FC8}.Release|Any CPU.Build.0 = Release|Any CPU
	EndGlobalSection
	GlobalSection(SolutionProperties) = preSolution
		HideSolutionNode = FALSE
	EndGlobalSection
	GlobalSection(ExtensibilityGlobals) = postSolution
		SolutionGuid = {746D81C1-EB5A-4DDE-A27E-43FE5C3A1C31}
	EndGlobalSection
EndGlobal
